
Microsoft Visual Studio Solution File, Format Version 12.00
# Visual Studio 15
VisualStudioVersion = 15.0.27130.2036
MinimumVisualStudioVersion = 10.0.40219.1
Project("{FAE04EC0-301F-11D3-BF4B-00C04F79EFBC}") = "Task5", "Task5\Task5.csproj", "{83D18A86-8A16-47C0-8AF1-417CD367377C}"
EndProject
Global
	GlobalSection(SolutionConfigurationPlatforms) = preSolution
		Debug|Any CPU = Debug|Any CPU
		Release|Any CPU = Release|Any CPU
	EndGlobalSection
	GlobalSection(ProjectConfigurationPlatforms) = postSolution
		{83D18A86-8A16-47C0-8AF1-417CD367377C}.Debug|Any CPU.ActiveCfg = Debug|Any CPU
		{83D18A86-8A16-47C0-8AF1-417CD367377C}.Debug|Any CPU.Build.0 = Debug|Any CPU
		{83D18A86-8A16-47C0-8AF1-417CD367377C}.Release|Any CPU.ActiveCfg = Release|Any CPU
		{83D18A86-8A16-47C0-8AF1-417CD367377C}.Release|Any CPU.Build.0 = Release|Any CPU
	EndGlobalSection
	GlobalSection(SolutionProperties) = preSolution
		HideSolutionNode = FALSE
	EndGlobalSection
	GlobalSection(ExtensibilityGlobals) = postSolution
		SolutionGuid = {B2287385-4D19-4698-98AB-EE04348640DD}
	EndGlobalSection
EndGlobal
